
Microsoft Visual Studio Solution File, Format Version 12.00
# Visual Studio Version 17
VisualStudioVersion = 17.3.32929.385
MinimumVisualStudioVersion = 10.0.40219.1
Project("{FAE04EC0-301F-11D3-BF4B-00C04F79EFBC}") = "ExtremeCalculator", "ExtremeCalculator\ExtremeCalculator.csproj", "{1A5FC19B-E5E3-4E4F-BE31-A8B912E8120D}"
EndProject
Global
	GlobalSection(SolutionConfigurationPlatforms) = preSolution
		Debug|Any CPU = Debug|Any CPU
		Release|Any CPU = Release|Any CPU
	EndGlobalSection
	GlobalSection(ProjectConfigurationPlatforms) = postSolution
		{1A5FC19B-E5E3-4E4F-BE31-A8B912E8120D}.Debug|Any CPU.ActiveCfg = Debug|Any CPU
		{1A5FC19B-E5E3-4E4F-BE31-A8B912E8120D}.Debug|Any CPU.Build.0 = Debug|Any CPU
		{1A5FC19B-E5E3-4E4F-BE31-A8B912E8120D}.Release|Any CPU.ActiveCfg = Release|Any CPU
		{1A5FC19B-E5E3-4E4F-BE31-A8B912E8120D}.Release|Any CPU.Build.0 = Release|Any CPU
		{C3A6CACB-9FC1-421D-BD1E-629152267CB4}.Debug|Any CPU.ActiveCfg = Debug|Any CPU
		{C3A6CACB-9FC1-421D-BD1E-629152267CB4}.Debug|Any CPU.Build.0 = Debug|Any CPU
		{C3A6CACB-9FC1-421D-BD1E-629152267CB4}.Release|Any CPU.ActiveCfg = Release|Any CPU
		{C3A6CACB-9FC1-421D-BD1E-629152267CB4}.Release|Any CPU.Build.0 = Release|Any CPU
	EndGlobalSection
	GlobalSection(SolutionProperties) = preSolution
		HideSolutionNode = FALSE
	EndGlobalSection
	GlobalSection(ExtensibilityGlobals) = postSolution
		SolutionGuid = {5DA32228-8C12-45DA-8B7C-C1760A10481D}
	EndGlobalSection
EndGlobal
